// !$*UTF8*$!
{
	archiveVersion = 1;
	classes = {
	};
	objectVersion = 56;
	objects = {

/* Begin PBXBuildFile section */
		9E69EFF52A6EA65B00E677A7 /* AppDelegate.swift in Sources */ = {isa = PBXBuildFile; fileRef = 9E69EFF42A6EA65B00E677A7 /* AppDelegate.swift */; };
		9E69EFF72A6EA65B00E677A7 /* SceneDelegate.swift in Sources */ = {isa = PBXBuildFile; fileRef = 9E69EFF62A6EA65B00E677A7 /* SceneDelegate.swift */; };
		9E69EFF92A6EA65B00E677A7 /* ViewController.swift in Sources */ = {isa = PBXBuildFile; fileRef = 9E69EFF82A6EA65B00E677A7 /* ViewController.swift */; };
		9E69EFFC2A6EA65B00E677A7 /* Main.storyboard in Resources */ = {isa = PBXBuildFile; fileRef = 9E69EFFA2A6EA65B00E677A7 /* Main.storyboard */; };
		9E69EFFE2A6EA65E00E677A7 /* Assets.xcassets in Resources */ = {isa = PBXBuildFile; fileRef = 9E69EFFD2A6EA65E00E677A7 /* Assets.xcassets */; };
		9E69F0012A6EA65E00E677A7 /* LaunchScreen.storyboard in Resources */ = {isa = PBXBuildFile; fileRef = 9E69EFFF2A6EA65E00E677A7 /* LaunchScreen.storyboard */; };
		9E69F00C2A6EA7A300E677A7 /* Task.swift in Sources */ = {isa = PBXBuildFile; fileRef = 9E69F00B2A6EA7A300E677A7 /* Task.swift */; };
		9E69F00E2A6EAF0E00E677A7 /* TodoCell.swift in Sources */ = {isa = PBXBuildFile; fileRef = 9E69F00D2A6EAF0E00E677A7 /* TodoCell.swift */; };
/* End PBXBuildFile section */

/* Begin PBXFileReference section */
		9E69EFF12A6EA65B00E677A7 /* SimpleTodoList.app */ = {isa = PBXFileReference; explicitFileType = wrapper.application; includeInIndex = 0; path = SimpleTodoList.app; sourceTree = BUILT_PRODUCTS_DIR; };
		9E69EFF42A6EA65B00E677A7 /* AppDelegate.swift */ = {isa = PBXFileReference; lastKnownFileType = sourcecode.swift; path = AppDelegate.swift; sourceTree = "<group>"; };
		9E69EFF62A6EA65B00E677A7 /* SceneDelegate.swift */ = {isa = PBXFileReference; lastKnownFileType = sourcecode.swift; path = SceneDelegate.swift; sourceTree = "<group>"; };
		9E69EFF82A6EA65B00E677A7 /* ViewController.swift */ = {isa = PBXFileReference; lastKnownFileType = sourcecode.swift; path = ViewController.swift; sourceTree = "<group>"; };
		9E69EFFB2A6EA65B00E677A7 /* Base */ = {isa = PBXFileReference; lastKnownFileType = file.storyboard; name = Base; path = Base.lproj/Main.storyboard; sourceTree = "<group>"; };
		9E69EFFD2A6EA65E00E677A7 /* Assets.xcassets */ = {isa = PBXFileReference; lastKnownFileType = folder.assetcatalog; path = Assets.xcassets; sourceTree = "<group>"; };
		9E69F0002A6EA65E00E677A7 /* Base */ = {isa = PBXFileReference; lastKnownFileType = file.storyboard; name = Base; path = Base.lproj/LaunchScreen.storyboard; sourceTree = "<group>"; };
		9E69F0022A6EA65E00E677A7 /* Info.plist */ = {isa = PBXFileReference; lastKnownFileType = text.plist.xml; path = Info.plist; sourceTree = "<group>"; };
		9E69F00B2A6EA7A300E677A7 /* Task.swift */ = {isa = PBXFileReference; lastKnownFileType = sourcecode.swift; path = Task.swift; sourceTree = "<group>"; };
		9E69F00D2A6EAF0E00E677A7 /* TodoCell.swift */ = {isa = PBXFileReference; lastKnownFileType = sourcecode.swift; path = TodoCell.swift; sourceTree = "<group>"; };
/* End PBXFileReference section */

/* Begin PBXFrameworksBuildPhase section */
		9E69EFEE2A6EA65B00E677A7 /* Frameworks */ = {
			isa = PBXFrameworksBuildPhase;
			buildActionMask = 2147483647;
			files = (
			);
			runOnlyForDeploymentPostprocessing = 0;
		};
/* End PBXFrameworksBuildPhase section */

/* Begin PBXGroup section */
		9E69EFE82A6EA65B00E677A7 = {
			isa = PBXGroup;
			children = (
				9E69EFF32A6EA65B00E677A7 /* SimpleTodoList */,
				9E69EFF22A6EA65B00E677A7 /* Products */,
			);
			sourceTree = "<group>";
		};
		9E69EFF22A6EA65B00E677A7 /* Products */ = {
			isa = PBXGroup;
			children = (
				9E69EFF12A6EA65B00E677A7 /* SimpleTodoList.app */,
			);
			name = Products;
			sourceTree = "<group>";
		};
		9E69EFF32A6EA65B00E677A7 /* SimpleTodoList */ = {
			isa = PBXGroup;
			children = (
				9E69EFF42A6EA65B00E677A7 /* AppDelegate.swift */,
				9E69EFF62A6EA65B00E677A7 /* SceneDelegate.swift */,
				9E69F0082A6EA77E00E677A7 /* Views */,
				9E69F0092A6EA78900E677A7 /* ViewControllers */,
				9E69F00A2A6EA79700E677A7 /* Models */,
				9E69EFFD2A6EA65E00E677A7 /* Assets.xcassets */,
				9E69EFFF2A6EA65E00E677A7 /* LaunchScreen.storyboard */,
				9E69F0022A6EA65E00E677A7 /* Info.plist */,
			);
			path = SimpleTodoList;
			sourceTree = "<group>";
		};
		9E69F0082A6EA77E00E677A7 /* Views */ = {
			isa = PBXGroup;
			children = (
				9E69EFFA2A6EA65B00E677A7 /* Main.storyboard */,
				9E69F00D2A6EAF0E00E677A7 /* TodoCell.swift */,
			);
			path = Views;
			sourceTree = "<group>";
		};
		9E69F0092A6EA78900E677A7 /* ViewControllers */ = {
			isa = PBXGroup;
			children = (
				9E69EFF82A6EA65B00E677A7 /* ViewController.swift */,
			);
			name = ViewControllers;
			sourceTree = "<group>";
		};
		9E69F00A2A6EA79700E677A7 /* Models */ = {
			isa = PBXGroup;
			children = (
				9E69F00B2A6EA7A300E677A7 /* Task.swift */,
			);
			path = Models;
			sourceTree = "<group>";
		};
/* End PBXGroup section */

/* Begin PBXNativeTarget section */
		9E69EFF02A6EA65B00E677A7 /* SimpleTodoList */ = {
			isa = PBXNativeTarget;
			buildConfigurationList = 9E69F0052A6EA65E00E677A7 /* Build configuration list for PBXNativeTarget "SimpleTodoList" */;
			buildPhases = (
				9E69EFED2A6EA65B00E677A7 /* Sources */,
				9E69EFEE2A6EA65B00E677A7 /* Frameworks */,
				9E69EFEF2A6EA65B00E677A7 /* Resources */,
			);
			buildRules = (
			);
			dependencies = (
			);
			name = SimpleTodoList;
			productName = SimpleTodoList;
			productReference = 9E69EFF12A6EA65B00E677A7 /* SimpleTodoList.app */;
			productType = "com.apple.product-type.application";
		};
/* End PBXNativeTarget section */

/* Begin PBXProject section */
		9E69EFE92A6EA65B00E677A7 /* Project object */ = {
			isa = PBXProject;
			attributes = {
				BuildIndependentTargetsInParallel = 1;
				LastSwiftUpdateCheck = 1500;
				LastUpgradeCheck = 1500;
				TargetAttributes = {
					9E69EFF02A6EA65B00E677A7 = {
						CreatedOnToolsVersion = 15.0;
					};
				};
			};
			buildConfigurationList = 9E69EFEC2A6EA65B00E677A7 /* Build configuration list for PBXProject "SimpleTodoList" */;
			compatibilityVersion = "Xcode 14.0";
			developmentRegion = en;
			hasScannedForEncodings = 0;
			knownRegions = (
				en,
				Base,
			);
			mainGroup = 9E69EFE82A6EA65B00E677A7;
			productRefGroup = 9E69EFF22A6EA65B00E677A7 /* Products */;
			projectDirPath = "";
			projectRoot = "";
			targets = (
				9E69EFF02A6EA65B00E677A7 /* SimpleTodoList */,
			);
		};
/* End PBXProject section */

/* Begin PBXResourcesBuildPhase section */
		9E69EFEF2A6EA65B00E677A7 /* Resources */ = {
			isa = PBXResourcesBuildPhase;
			buildActionMask = 2147483647;
			files = (
				9E69F0012A6EA65E00E677A7 /* LaunchScreen.storyboard in Resources */,
				9E69EFFE2A6EA65E00E677A7 /* Assets.xcassets in Resources */,
				9E69EFFC2A6EA65B00E677A7 /* Main.storyboard in Resources */,
			);
			runOnlyForDeploymentPostprocessing = 0;
		};
/* End PBXResourcesBuildPhase section */

/* Begin PBXSourcesBuildPhase section */
		9E69EFED2A6EA65B00E677A7 /* Sources */ = {
			isa = PBXSourcesBuildPhase;
			buildActionMask = 2147483647;
			files = (
				9E69F00C2A6EA7A300E677A7 /* Task.swift in Sources */,
				9E69EFF92A6EA65B00E677A7 /* ViewController.swift in Sources */,
				9E69EFF52A6EA65B00E677A7 /* AppDelegate.swift in Sources */,
				9E69F00E2A6EAF0E00E677A7 /* TodoCell.swift in Sources */,
				9E69EFF72A6EA65B00E677A7 /* SceneDelegate.swift in Sources */,
			);
			runOnlyForDeploymentPostprocessing = 0;
		};
/* End PBXSourcesBuildPhase section */

/* Begin PBXVariantGroup section */
		9E69EFFA2A6EA65B00E677A7 /* Main.storyboard */ = {
			isa = PBXVariantGroup;
			children = (
				9E69EFFB2A6EA65B00E677A7 /* Base */,
			);
			name = Main.storyboard;
			sourceTree = "<group>";
		};
		9E69EFFF2A6EA65E00E677A7 /* LaunchScreen.storyboard */ = {
			isa = PBXVariantGroup;
			children = (
				9E69F0002A6EA65E00E677A7 /* Base */,
			);
			name = LaunchScreen.storyboard;
			sourceTree = "<group>";
		};
/* End PBXVariantGroup section */

/* Begin XCBuildConfiguration section */
		9E69F0032A6EA65E00E677A7 /* Debug */ = {
			isa = XCBuildConfiguration;
			buildSettings = {
				ALWAYS_SEARCH_USER_PATHS = NO;
				ASSETCATALOG_COMPILER_GENERATE_SWIFT_ASSET_SYMBOL_EXTENSIONS = YES;
				CLANG_ANALYZER_NONNULL = YES;
				CLANG_ANALYZER_NUMBER_OBJECT_CONVERSION = YES_AGGRESSIVE;
				CLANG_CXX_LANGUAGE_STANDARD = "gnu++20";
				CLANG_ENABLE_MODULES = YES;
				CLANG_ENABLE_OBJC_ARC = YES;
				CLANG_ENABLE_OBJC_WEAK = YES;
				CLANG_WARN_BLOCK_CAPTURE_AUTORELEASING = YES;
				CLANG_WARN_BOOL_CONVERSION = YES;
				CLANG_WARN_COMMA = YES;
				CLANG_WARN_CONSTANT_CONVERSION = YES;
				CLANG_WARN_DEPRECATED_OBJC_IMPLEMENTATIONS = YES;
				CLANG_WARN_DIRECT_OBJC_ISA_USAGE = YES_ERROR;
				CLANG_WARN_DOCUMENTATION_COMMENTS = YES;
				CLANG_WARN_EMPTY_BODY = YES;
				CLANG_WARN_ENUM_CONVERSION = YES;
				CLANG_WARN_INFINITE_RECURSION = YES;
				CLANG_WARN_INT_CONVERSION = YES;
				CLANG_WARN_NON_LITERAL_NULL_CONVERSION = YES;
				CLANG_WARN_OBJC_IMPLICIT_RETAIN_SELF = YES;
				CLANG_WARN_OBJC_LITERAL_CONVERSION = YES;
				CLANG_WARN_OBJC_ROOT_CLASS = YES_ERROR;
				CLANG_WARN_QUOTED_INCLUDE_IN_FRAMEWORK_HEADER = YES;
				CLANG_WARN_RANGE_LOOP_ANALYSIS = YES;
				CLANG_WARN_STRICT_PROTOTYPES = YES;
				CLANG_WARN_SUSPICIOUS_MOVE = YES;
				CLANG_WARN_UNGUARDED_AVAILABILITY = YES_AGGRESSIVE;
				CLANG_WARN_UNREACHABLE_CODE = YES;
				CLANG_WARN__DUPLICATE_METHOD_MATCH = YES;
				COPY_PHASE_STRIP = NO;
				DEBUG_INFORMATION_FORMAT = dwarf;
				ENABLE_STRICT_OBJC_MSGSEND = YES;
				ENABLE_TESTABILITY = YES;
				ENABLE_USER_SCRIPT_SANDBOXING = YES;
				GCC_C_LANGUAGE_STANDARD = gnu17;
				GCC_DYNAMIC_NO_PIC = NO;
				GCC_NO_COMMON_BLOCKS = YES;
				GCC_OPTIMIZATION_LEVEL = 0;
				GCC_PREPROCESSOR_DEFINITIONS = (
					"DEBUG=1",
					"$(inherited)",
				);
				GCC_WARN_64_TO_32_BIT_CONVERSION = YES;
				GCC_WARN_ABOUT_RETURN_TYPE = YES_ERROR;
				GCC_WARN_UNDECLARED_SELECTOR = YES;
				GCC_WARN_UNINITIALIZED_AUTOS = YES_AGGRESSIVE;
				GCC_WARN_UNUSED_FUNCTION = YES;
				GCC_WARN_UNUSED_VARIABLE = YES;
				IPHONEOS_DEPLOYMENT_TARGET = 17.0;
				LOCALIZATION_PREFERS_STRING_CATALOGS = YES;
				MTL_ENABLE_DEBUG_INFO = INCLUDE_SOURCE;
				MTL_FAST_MATH = YES;
				ONLY_ACTIVE_ARCH = YES;
				SDKROOT = iphoneos;
				SWIFT_ACTIVE_COMPILATION_CONDITIONS = "DEBUG $(inherited)";
				SWIFT_OPTIMIZATION_LEVEL = "-Onone";
			};
			name = Debug;
		};
		9E69F0042A6EA65E00E677A7 /* Release */ = {
			isa = XCBuildConfiguration;
			buildSettings = {
				ALWAYS_SEARCH_USER_PATHS = NO;
				ASSETCATALOG_COMPILER_GENERATE_SWIFT_ASSET_SYMBOL_EXTENSIONS = YES;
				CLANG_ANALYZER_NONNULL = YES;
				CLANG_ANALYZER_NUMBER_OBJECT_CONVERSION = YES_AGGRESSIVE;
				CLANG_CXX_LANGUAGE_STANDARD = "gnu++20";
				CLANG_ENABLE_MODULES = YES;
				CLANG_ENABLE_OBJC_ARC = YES;
				CLANG_ENABLE_OBJC_WEAK = YES;
				CLANG_WARN_BLOCK_CAPTURE_AUTORELEASING = YES;
				CLANG_WARN_BOOL_CONVERSION = YES;
				CLANG_WARN_COMMA = YES;
				CLANG_WARN_CONSTANT_CONVERSION = YES;
				CLANG_WARN_DEPRECATED_OBJC_IMPLEMENTATIONS = YES;
				CLANG_WARN_DIRECT_OBJC_ISA_USAGE = YES_ERROR;
				CLANG_WARN_DOCUMENTATION_COMMENTS = YES;
				CLANG_WARN_EMPTY_BODY = YES;
				CLANG_WARN_ENUM_CONVERSION = YES;
				CLANG_WARN_INFINITE_RECURSION = YES;
				CLANG_WARN_INT_CONVERSION = YES;
				CLANG_WARN_NON_LITERAL_NULL_CONVERSION = YES;
				CLANG_WARN_OBJC_IMPLICIT_RETAIN_SELF = YES;
				CLANG_WARN_OBJC_LITERAL_CONVERSION = YES;
				CLANG_WARN_OBJC_ROOT_CLASS = YES_ERROR;
				CLANG_WARN_QUOTED_INCLUDE_IN_FRAMEWORK_HEADER = YES;
				CLANG_WARN_RANGE_LOOP_ANALYSIS = YES;
				CLANG_WARN_STRICT_PROTOTYPES = YES;
				CLANG_WARN_SUSPICIOUS_MOVE = YES;
				CLANG_WARN_UNGUARDED_AVAILABILITY = YES_AGGRESSIVE;
				CLANG_WARN_UNREACHABLE_CODE = YES;
				CLANG_WARN__DUPLICATE_METHOD_MATCH = YES;
				COPY_PHASE_STRIP = NO;
				DEBUG_INFORMATION_FORMAT = "dwarf-with-dsym";
				ENABLE_NS_ASSERTIONS = NO;
				ENABLE_STRICT_OBJC_MSGSEND = YES;
				ENABLE_USER_SCRIPT_SANDBOXING = YES;
				GCC_C_LANGUAGE_STANDARD = gnu17;
				GCC_NO_COMMON_BLOCKS = YES;
				GCC_WARN_64_TO_32_BIT_CONVERSION = YES;
				GCC_WARN_ABOUT_RETURN_TYPE = YES_ERROR;
				GCC_WARN_UNDECLARED_SELECTOR = YES;
				GCC_WARN_UNINITIALIZED_AUTOS = YES_AGGRESSIVE;
				GCC_WARN_UNUSED_FUNCTION = YES;
				GCC_WARN_UNUSED_VARIABLE = YES;
				IPHONEOS_DEPLOYMENT_TARGET = 17.0;
				LOCALIZATION_PREFERS_STRING_CATALOGS = YES;
				MTL_ENABLE_DEBUG_INFO = NO;
				MTL_FAST_MATH = YES;
				SDKROOT = iphoneos;
				SWIFT_COMPILATION_MODE = wholemodule;
				VALIDATE_PRODUCT = YES;
			};
			name = Release;
		};
		9E69F0062A6EA65E00E677A7 /* Debug */ = {
			isa = XCBuildConfiguration;
			buildSettings = {
				ASSETCATALOG_COMPILER_APPICON_NAME = AppIcon;
				ASSETCATALOG_COMPILER_GLOBAL_ACCENT_COLOR_NAME = AccentColor;
				CODE_SIGN_STYLE = Automatic;
				CURRENT_PROJECT_VERSION = 1;
				DEVELOPMENT_TEAM = 4DQM269FVB;
				GENERATE_INFOPLIST_FILE = YES;
				INFOPLIST_FILE = SimpleTodoList/Info.plist;
				INFOPLIST_KEY_UIApplicationSupportsIndirectInputEvents = YES;
				INFOPLIST_KEY_UILaunchStoryboardName = LaunchScreen;
				INFOPLIST_KEY_UIMainStoryboardFile = Main;
				INFOPLIST_KEY_UISupportedInterfaceOrientations_iPad = "UIInterfaceOrientationPortrait UIInterfaceOrientationPortraitUpsideDown UIInterfaceOrientationLandscapeLeft UIInterfaceOrientationLandscapeRight";
				INFOPLIST_KEY_UISupportedInterfaceOrientations_iPhone = "UIInterfaceOrientationPortrait UIInterfaceOrientationLandscapeLeft UIInterfaceOrientationLandscapeRight";
				LD_RUNPATH_SEARCH_PATHS = (
					"$(inherited)",
					"@executable_path/Frameworks",
				);
				MARKETING_VERSION = 1.0;
				PRODUCT_BUNDLE_IDENTIFIER = "zizi-Kim.SimpleTodoList";
				PRODUCT_NAME = "$(TARGET_NAME)";
				SUPPORTED_PLATFORMS = "iphoneos iphonesimulator";
				SUPPORTS_MACCATALYST = NO;
				SUPPORTS_MAC_DESIGNED_FOR_IPHONE_IPAD = NO;
				SUPPORTS_XR_DESIGNED_FOR_IPHONE_IPAD = NO;
				SWIFT_EMIT_LOC_STRINGS = YES;
				SWIFT_VERSION = 5.0;
				TARGETED_DEVICE_FAMILY = 1;
			};
			name = Debug;
		};
		9E69F0072A6EA65E00E677A7 /* Release */ = {
			isa = XCBuildConfiguration;
			buildSettings = {
				ASSETCATALOG_COMPILER_APPICON_NAME = AppIcon;
				ASSETCATALOG_COMPILER_GLOBAL_ACCENT_COLOR_NAME = AccentColor;
				CODE_SIGN_STYLE = Automatic;
				CURRENT_PROJECT_VERSION = 1;
				DEVELOPMENT_TEAM = 4DQM269FVB;
				GENERATE_INFOPLIST_FILE = YES;
				INFOPLIST_FILE = SimpleTodoList/Info.plist;
				INFOPLIST_KEY_UIApplicationSupportsIndirectInputEvents = YES;
				INFOPLIST_KEY_UILaunchStoryboardName = LaunchScreen;
				INFOPLIST_KEY_UIMainStoryboardFile = Main;
				INFOPLIST_KEY_UISupportedInterfaceOrientations_iPad = "UIInterfaceOrientationPortrait UIInterfaceOrientationPortraitUpsideDown UIInterfaceOrientationLandscapeLeft UIInterfaceOrientationLandscapeRight";
				INFOPLIST_KEY_UISupportedInterfaceOrientations_iPhone = "UIInterfaceOrientationPortrait UIInterfaceOrientationLandscapeLeft UIInterfaceOrientationLandscapeRight";
				LD_RUNPATH_SEARCH_PATHS = (
					"$(inherited)",
					"@executable_path/Frameworks",
				);
				MARKETING_VERSION = 1.0;
				PRODUCT_BUNDLE_IDENTIFIER = "zizi-Kim.SimpleTodoList";
				PRODUCT_NAME = "$(TARGET_NAME)";
				SUPPORTED_PLATFORMS = "iphoneos iphonesimulator";
				SUPPORTS_MACCATALYST = NO;
				SUPPORTS_MAC_DESIGNED_FOR_IPHONE_IPAD = NO;
				SUPPORTS_XR_DESIGNED_FOR_IPHONE_IPAD = NO;
				SWIFT_EMIT_LOC_STRINGS = YES;
				SWIFT_VERSION = 5.0;
				TARGETED_DEVICE_FAMILY = 1;
			};
			name = Release;
		};
/* End XCBuildConfiguration section */

/* Begin XCConfigurationList section */
		9E69EFEC2A6EA65B00E677A7 /* Build configuration list for PBXProject "SimpleTodoList" */ = {
			isa = XCConfigurationList;
			buildConfigurations = (
				9E69F0032A6EA65E00E677A7 /* Debug */,
				9E69F0042A6EA65E00E677A7 /* Release */,
			);
			defaultConfigurationIsVisible = 0;
			defaultConfigurationName = Release;
		};
		9E69F0052A6EA65E00E677A7 /* Build configuration list for PBXNativeTarget "SimpleTodoList" */ = {
			isa = XCConfigurationList;
			buildConfigurations = (
				9E69F0062A6EA65E00E677A7 /* Debug */,
				9E69F0072A6EA65E00E677A7 /* Release */,
			);
			defaultConfigurationIsVisible = 0;
			defaultConfigurationName = Release;
		};
/* End XCConfigurationList section */
	};
	rootObject = 9E69EFE92A6EA65B00E677A7 /* Project object */;
}
